
Microsoft Visual Studio Solution File, Format Version 12.00
# Visual Studio 15
VisualStudioVersion = 15.0.27703.2035
MinimumVisualStudioVersion = 10.0.40219.1
Project("{FAE04EC0-301F-11D3-BF4B-00C04F79EFBC}") = "Lands.Android", "Lands\Lands.Android\Lands.Android.csproj", "{F3C21576-D95F-473D-96D4-8807BC92E455}"
EndProject
Project("{FAE04EC0-301F-11D3-BF4B-00C04F79EFBC}") = "Lands.iOS", "Lands\Lands.iOS\Lands.iOS.csproj", "{9A618348-9379-4D1B-8B47-A70C3E88685E}"
EndProject
Project("{FAE04EC0-301F-11D3-BF4B-00C04F79EFBC}") = "Lands", "Lands\Lands\Lands.csproj", "{6AC16D5E-33F3-4EE9-A5E5-580F7B9BCFE8}"
EndProject
Global
	GlobalSection(SolutionConfigurationPlatforms) = preSolution
		Ad-Hoc|Any CPU = Ad-Hoc|Any CPU
		Ad-Hoc|iPhone = Ad-Hoc|iPhone
		Ad-Hoc|iPhoneSimulator = Ad-Hoc|iPhoneSimulator
		AppStore|Any CPU = AppStore|Any CPU
		AppStore|iPhone = AppStore|iPhone
		AppStore|iPhoneSimulator = AppStore|iPhoneSimulator
		Debug|Any CPU = Debug|Any CPU
		Debug|iPhone = Debug|iPhone
		Debug|iPhoneSimulator = Debug|iPhoneSimulator
		Release|Any CPU = Release|Any CPU
		Release|iPhone = Release|iPhone
		Release|iPhoneSimulator = Release|iPhoneSimulator
	EndGlobalSection
	GlobalSection(ProjectConfigurationPlatforms) = postSolution
		{F3C21576-D95F-473D-96D4-8807BC92E455}.Ad-Hoc|Any CPU.ActiveCfg = Release|Any CPU
		{F3C21576-D95F-473D-96D4-8807BC92E455}.Ad-Hoc|Any CPU.Build.0 = Release|Any CPU
		{F3C21576-D95F-473D-96D4-8807BC92E455}.Ad-Hoc|Any CPU.Deploy.0 = Release|Any CPU
		{F3C21576-D95F-473D-96D4-8807BC92E455}.Ad-Hoc|iPhone.ActiveCfg = Release|Any CPU
		{F3C21576-D95F-473D-96D4-8807BC92E455}.Ad-Hoc|iPhone.Build.0 = Release|Any CPU
		{F3C21576-D95F-473D-96D4-8807BC92E455}.Ad-Hoc|iPhone.Deploy.0 = Release|Any CPU
		{F3C21576-D95F-473D-96D4-8807BC92E455}.Ad-Hoc|iPhoneSimulator.ActiveCfg = Release|Any CPU
		{F3C21576-D95F-473D-96D4-8807BC92E455}.Ad-Hoc|iPhoneSimulator.Build.0 = Release|Any CPU
		{F3C21576-D95F-473D-96D4-8807BC92E455}.Ad-Hoc|iPhoneSimulator.Deploy.0 = Release|Any CPU
		{F3C21576-D95F-473D-96D4-8807BC92E455}.AppStore|Any CPU.ActiveCfg = Release|Any CPU
		{F3C21576-D95F-473D-96D4-8807BC92E455}.AppStore|Any CPU.Build.0 = Release|Any CPU
		{F3C21576-D95F-473D-96D4-8807BC92E455}.AppStore|Any CPU.Deploy.0 = Release|Any CPU
		{F3C21576-D95F-473D-96D4-8807BC92E455}.AppStore|iPhone.ActiveCfg = Release|Any CPU
		{F3C21576-D95F-473D-96D4-8807BC92E455}.AppStore|iPhone.Build.0 = Release|Any CPU
		{F3C21576-D95F-473D-96D4-8807BC92E455}.AppStore|iPhone.Deploy.0 = Release|Any CPU
		{F3C21576-D95F-473D-96D4-8807BC92E455}.AppStore|iPhoneSimulator.ActiveCfg = Release|Any CPU
		{F3C21576-D95F-473D-96D4-8807BC92E455}.AppStore|iPhoneSimulator.Build.0 = Release|Any CPU
		{F3C21576-D95F-473D-96D4-8807BC92E455}.AppStore|iPhoneSimulator.Deploy.0 = Release|Any CPU
		{F3C21576-D95F-473D-96D4-8807BC92E455}.Debug|Any CPU.ActiveCfg = Debug|Any CPU
		{F3C21576-D95F-473D-96D4-8807BC92E455}.Debug|Any CPU.Build.0 = Debug|Any CPU
		{F3C21576-D95F-473D-96D4-8807BC92E455}.Debug|Any CPU.Deploy.0 = Debug|Any CPU
		{F3C21576-D95F-473D-96D4-8807BC92E455}.Debug|iPhone.ActiveCfg = Debug|Any CPU
		{F3C21576-D95F-473D-96D4-8807BC92E455}.Debug|iPhone.Build.0 = Debug|Any CPU
		{F3C21576-D95F-473D-96D4-8807BC92E455}.Debug|iPhone.Deploy.0 = Debug|Any CPU
		{F3C21576-D95F-473D-96D4-8807BC92E455}.Debug|iPhoneSimulator.ActiveCfg = Debug|Any CPU
		{F3C21576-D95F-473D-96D4-8807BC92E455}.Debug|iPhoneSimulator.Build.0 = Debug|Any CPU
		{F3C21576-D95F-473D-96D4-8807BC92E455}.Debug|iPhoneSimulator.Deploy.0 = Debug|Any CPU
		{F3C21576-D95F-473D-96D4-8807BC92E455}.Release|Any CPU.ActiveCfg = Release|Any CPU
		{F3C21576-D95F-473D-96D4-8807BC92E455}.Release|Any CPU.Build.0 = Release|Any CPU
		{F3C21576-D95F-473D-96D4-8807BC92E455}.Release|Any CPU.Deploy.0 = Release|Any CPU
		{F3C21576-D95F-473D-96D4-8807BC92E455}.Release|iPhone.ActiveCfg = Release|Any CPU
		{F3C21576-D95F-473D-96D4-8807BC92E455}.Release|iPhone.Build.0 = Release|Any CPU
		{F3C21576-D95F-473D-96D4-8807BC92E455}.Release|iPhone.Deploy.0 = Release|Any CPU
		{F3C21576-D95F-473D-96D4-8807BC92E455}.Release|iPhoneSimulator.ActiveCfg = Release|Any CPU
		{F3C21576-D95F-473D-96D4-8807BC92E455}.Release|iPhoneSimulator.Build.0 = Release|Any CPU
		{F3C21576-D95F-473D-96D4-8807BC92E455}.Release|iPhoneSimulator.Deploy.0 = Release|Any CPU
		{9A618348-9379-4D1B-8B47-A70C3E88685E}.Ad-Hoc|Any CPU.ActiveCfg = Ad-Hoc|iPhone
		{9A618348-9379-4D1B-8B47-A70C3E88685E}.Ad-Hoc|Any CPU.Build.0 = Ad-Hoc|iPhone
		{9A618348-9379-4D1B-8B47-A70C3E88685E}.Ad-Hoc|Any CPU.Deploy.0 = Ad-Hoc|iPhone
		{9A618348-9379-4D1B-8B47-A70C3E88685E}.Ad-Hoc|iPhone.ActiveCfg = Ad-Hoc|iPhone
		{9A618348-9379-4D1B-8B47-A70C3E88685E}.Ad-Hoc|iPhone.Build.0 = Ad-Hoc|iPhone
		{9A618348-9379-4D1B-8B47-A70C3E88685E}.Ad-Hoc|iPhone.Deploy.0 = Ad-Hoc|iPhone
		{9A618348-9379-4D1B-8B47-A70C3E88685E}.Ad-Hoc|iPhoneSimulator.ActiveCfg = Ad-Hoc|iPhoneSimulator
		{9A618348-9379-4D1B-8B47-A70C3E88685E}.Ad-Hoc|iPhoneSimulator.Build.0 = Ad-Hoc|iPhoneSimulator
		{9A618348-9379-4D1B-8B47-A70C3E88685E}.Ad-Hoc|iPhoneSimulator.Deploy.0 = Ad-Hoc|iPhoneSimulator
		{9A618348-9379-4D1B-8B47-A70C3E88685E}.AppStore|Any CPU.ActiveCfg = AppStore|iPhone
		{9A618348-9379-4D1B-8B47-A70C3E88685E}.AppStore|Any CPU.Build.0 = AppStore|iPhone
		{9A618348-9379-4D1B-8B47-A70C3E88685E}.AppStore|Any CPU.Deploy.0 = AppStore|iPhone
		{9A618348-9379-4D1B-8B47-A70C3E88685E}.AppStore|iPhone.ActiveCfg = AppStore|iPhone
		{9A618348-9379-4D1B-8B47-A70C3E88685E}.AppStore|iPhone.Build.0 = AppStore|iPhone
		{9A618348-9379-4D1B-8B47-A70C3E88685E}.AppStore|iPhone.Deploy.0 = AppStore|iPhone
		{9A618348-9379-4D1B-8B47-A70C3E88685E}.AppStore|iPhoneSimulator.ActiveCfg = AppStore|iPhoneSimulator
		{9A618348-9379-4D1B-8B47-A70C3E88685E}.AppStore|iPhoneSimulator.Build.0 = AppStore|iPhoneSimulator
		{9A618348-9379-4D1B-8B47-A70C3E88685E}.AppStore|iPhoneSimulator.Deploy.0 = AppStore|iPhoneSimulator
		{9A618348-9379-4D1B-8B47-A70C3E88685E}.Debug|Any CPU.ActiveCfg = Debug|iPhoneSimulator
		{9A618348-9379-4D1B-8B47-A70C3E88685E}.Debug|Any CPU.Build.0 = Debug|iPhoneSimulator
		{9A618348-9379-4D1B-8B47-A70C3E88685E}.Debug|Any CPU.Deploy.0 = Debug|iPhoneSimulator
		{9A618348-9379-4D1B-8B47-A70C3E88685E}.Debug|iPhone.ActiveCfg = Debug|iPhone
		{9A618348-9379-4D1B-8B47-A70C3E88685E}.Debug|iPhone.Build.0 = Debug|iPhone
		{9A618348-9379-4D1B-8B47-A70C3E88685E}.Debug|iPhone.Deploy.0 = Debug|iPhone
		{9A618348-9379-4D1B-8B47-A70C3E88685E}.Debug|iPhoneSimulator.ActiveCfg = Debug|iPhoneSimulator
		{9A618348-9379-4D1B-8B47-A70C3E88685E}.Debug|iPhoneSimulator.Build.0 = Debug|iPhoneSimulator
		{9A618348-9379-4D1B-8B47-A70C3E88685E}.Debug|iPhoneSimulator.Deploy.0 = Debug|iPhoneSimulator
		{9A618348-9379-4D1B-8B47-A70C3E88685E}.Release|Any CPU.ActiveCfg = Release|iPhone
		{9A618348-9379-4D1B-8B47-A70C3E88685E}.Release|Any CPU.Build.0 = Release|iPhone
		{9A618348-9379-4D1B-8B47-A70C3E88685E}.Release|Any CPU.Deploy.0 = Release|iPhone
		{9A618348-9379-4D1B-8B47-A70C3E88685E}.Release|iPhone.ActiveCfg = Release|iPhone
		{9A618348-9379-4D1B-8B47-A70C3E88685E}.Release|iPhone.Build.0 = Release|iPhone
		{9A618348-9379-4D1B-8B47-A70C3E88685E}.Release|iPhone.Deploy.0 = Release|iPhone
		{9A618348-9379-4D1B-8B47-A70C3E88685E}.Release|iPhoneSimulator.ActiveCfg = Release|iPhoneSimulator
		{9A618348-9379-4D1B-8B47-A70C3E88685E}.Release|iPhoneSimulator.Build.0 = Release|iPhoneSimulator
		{9A618348-9379-4D1B-8B47-A70C3E88685E}.Release|iPhoneSimulator.Deploy.0 = Release|iPhoneSimulator
		{6AC16D5E-33F3-4EE9-A5E5-580F7B9BCFE8}.Ad-Hoc|Any CPU.ActiveCfg = Debug|Any CPU
		{6AC16D5E-33F3-4EE9-A5E5-580F7B9BCFE8}.Ad-Hoc|Any CPU.Build.0 = Debug|Any CPU
		{6AC16D5E-33F3-4EE9-A5E5-580F7B9BCFE8}.Ad-Hoc|Any CPU.Deploy.0 = Debug|Any CPU
		{6AC16D5E-33F3-4EE9-A5E5-580F7B9BCFE8}.Ad-Hoc|iPhone.ActiveCfg = Debug|Any CPU
		{6AC16D5E-33F3-4EE9-A5E5-580F7B9BCFE8}.Ad-Hoc|iPhone.Build.0 = Debug|Any CPU
		{6AC16D5E-33F3-4EE9-A5E5-580F7B9BCFE8}.Ad-Hoc|iPhone.Deploy.0 = Debug|Any CPU
		{6AC16D5E-33F3-4EE9-A5E5-580F7B9BCFE8}.Ad-Hoc|iPhoneSimulator.ActiveCfg = Debug|Any CPU
		{6AC16D5E-33F3-4EE9-A5E5-580F7B9BCFE8}.Ad-Hoc|iPhoneSimulator.Build.0 = Debug|Any CPU
		{6AC16D5E-33F3-4EE9-A5E5-580F7B9BCFE8}.Ad-Hoc|iPhoneSimulator.Deploy.0 = Debug|Any CPU
		{6AC16D5E-33F3-4EE9-A5E5-580F7B9BCFE8}.AppStore|Any CPU.ActiveCfg = Debug|Any CPU
		{6AC16D5E-33F3-4EE9-A5E5-580F7B9BCFE8}.AppStore|Any CPU.Build.0 = Debug|Any CPU
		{6AC16D5E-33F3-4EE9-A5E5-580F7B9BCFE8}.AppStore|Any CPU.Deploy.0 = Debug|Any CPU
		{6AC16D5E-33F3-4EE9-A5E5-580F7B9BCFE8}.AppStore|iPhone.ActiveCfg = Debug|Any CPU
		{6AC16D5E-33F3-4EE9-A5E5-580F7B9BCFE8}.AppStore|iPhone.Build.0 = Debug|Any CPU
		{6AC16D5E-33F3-4EE9-A5E5-580F7B9BCFE8}.AppStore|iPhone.Deploy.0 = Debug|Any CPU
		{6AC16D5E-33F3-4EE9-A5E5-580F7B9BCFE8}.AppStore|iPhoneSimulator.ActiveCfg = Debug|Any CPU
		{6AC16D5E-33F3-4EE9-A5E5-580F7B9BCFE8}.AppStore|iPhoneSimulator.Build.0 = Debug|Any CPU
		{6AC16D5E-33F3-4EE9-A5E5-580F7B9BCFE8}.AppStore|iPhoneSimulator.Deploy.0 = Debug|Any CPU
		{6AC16D5E-33F3-4EE9-A5E5-580F7B9BCFE8}.Debug|Any CPU.ActiveCfg = Debug|Any CPU
		{6AC16D5E-33F3-4EE9-A5E5-580F7B9BCFE8}.Debug|Any CPU.Build.0 = Debug|Any CPU
		{6AC16D5E-33F3-4EE9-A5E5-580F7B9BCFE8}.Debug|Any CPU.Deploy.0 = Debug|Any CPU
		{6AC16D5E-33F3-4EE9-A5E5-580F7B9BCFE8}.Debug|iPhone.ActiveCfg = Debug|Any CPU
		{6AC16D5E-33F3-4EE9-A5E5-580F7B9BCFE8}.Debug|iPhone.Build.0 = Debug|Any CPU
		{6AC16D5E-33F3-4EE9-A5E5-580F7B9BCFE8}.Debug|iPhone.Deploy.0 = Debug|Any CPU
		{6AC16D5E-33F3-4EE9-A5E5-580F7B9BCFE8}.Debug|iPhoneSimulator.ActiveCfg = Debug|Any CPU
		{6AC16D5E-33F3-4EE9-A5E5-580F7B9BCFE8}.Debug|iPhoneSimulator.Build.0 = Debug|Any CPU
		{6AC16D5E-33F3-4EE9-A5E5-580F7B9BCFE8}.Debug|iPhoneSimulator.Deploy.0 = Debug|Any CPU
		{6AC16D5E-33F3-4EE9-A5E5-580F7B9BCFE8}.Release|Any CPU.ActiveCfg = Release|Any CPU
		{6AC16D5E-33F3-4EE9-A5E5-580F7B9BCFE8}.Release|Any CPU.Build.0 = Release|Any CPU
		{6AC16D5E-33F3-4EE9-A5E5-580F7B9BCFE8}.Release|Any CPU.Deploy.0 = Release|Any CPU
		{6AC16D5E-33F3-4EE9-A5E5-580F7B9BCFE8}.Release|iPhone.ActiveCfg = Release|Any CPU
		{6AC16D5E-33F3-4EE9-A5E5-580F7B9BCFE8}.Release|iPhone.Build.0 = Release|Any CPU
		{6AC16D5E-33F3-4EE9-A5E5-580F7B9BCFE8}.Release|iPhone.Deploy.0 = Release|Any CPU
		{6AC16D5E-33F3-4EE9-A5E5-580F7B9BCFE8}.Release|iPhoneSimulator.ActiveCfg = Release|Any CPU
		{6AC16D5E-33F3-4EE9-A5E5-580F7B9BCFE8}.Release|iPhoneSimulator.Build.0 = Release|Any CPU
		{6AC16D5E-33F3-4EE9-A5E5-580F7B9BCFE8}.Release|iPhoneSimulator.Deploy.0 = Release|Any CPU
	EndGlobalSection
	GlobalSection(SolutionProperties) = preSolution
		HideSolutionNode = FALSE
	EndGlobalSection
	GlobalSection(ExtensibilityGlobals) = postSolution
		SolutionGuid = {C74FFFE4-EF47-4110-B829-A6B56B1CE4A8}
	EndGlobalSection
EndGlobal
